// !$*UTF8*$!
{
	archiveVersion = 1;
	classes = {
	};
	objectVersion = 46;
	objects = {

/* Begin PBXBuildFile section */
		B0C186731B90B836008E879F /* Thread.swift in Sources */ = {isa = PBXBuildFile; fileRef = B0C186721B90B836008E879F /* Thread.swift */; };
		B0CEFEA21B8CC34E009FD430 /* AppDelegate.swift in Sources */ = {isa = PBXBuildFile; fileRef = B0CEFEA11B8CC34E009FD430 /* AppDelegate.swift */; };
		B0CEFEA41B8CC34E009FD430 /* MasterViewController.swift in Sources */ = {isa = PBXBuildFile; fileRef = B0CEFEA31B8CC34E009FD430 /* MasterViewController.swift */; };
		B0CEFEA61B8CC34E009FD430 /* DetailViewController.swift in Sources */ = {isa = PBXBuildFile; fileRef = B0CEFEA51B8CC34E009FD430 /* DetailViewController.swift */; };
		B0CEFEA91B8CC34E009FD430 /* Main.storyboard in Resources */ = {isa = PBXBuildFile; fileRef = B0CEFEA71B8CC34E009FD430 /* Main.storyboard */; };
		B0CEFEAB1B8CC34E009FD430 /* Images.xcassets in Resources */ = {isa = PBXBuildFile; fileRef = B0CEFEAA1B8CC34E009FD430 /* Images.xcassets */; };
		B0CEFEAE1B8CC34E009FD430 /* LaunchScreen.xib in Resources */ = {isa = PBXBuildFile; fileRef = B0CEFEAC1B8CC34E009FD430 /* LaunchScreen.xib */; };
		B0CEFEBA1B8CC34E009FD430 /* TestomemexTests.swift in Sources */ = {isa = PBXBuildFile; fileRef = B0CEFEB91B8CC34E009FD430 /* TestomemexTests.swift */; };
		B0CEFEC41B8CC393009FD430 /* Person.swift in Sources */ = {isa = PBXBuildFile; fileRef = B0CEFEC31B8CC393009FD430 /* Person.swift */; };
		B0CEFEC61B8CC53B009FD430 /* ApiInterface.swift in Sources */ = {isa = PBXBuildFile; fileRef = B0CEFEC51B8CC53B009FD430 /* ApiInterface.swift */; };
/* End PBXBuildFile section */

/* Begin PBXContainerItemProxy section */
		B0CEFEB41B8CC34E009FD430 /* PBXContainerItemProxy */ = {
			isa = PBXContainerItemProxy;
			containerPortal = B0CEFE941B8CC34E009FD430 /* Project object */;
			proxyType = 1;
			remoteGlobalIDString = B0CEFE9B1B8CC34E009FD430;
			remoteInfo = Testomemex;
		};
/* End PBXContainerItemProxy section */

/* Begin PBXFileReference section */
		B0C186721B90B836008E879F /* Thread.swift */ = {isa = PBXFileReference; fileEncoding = 4; lastKnownFileType = sourcecode.swift; path = Thread.swift; sourceTree = "<group>"; };
		B0CEFE9C1B8CC34E009FD430 /* Testomemex.app */ = {isa = PBXFileReference; explicitFileType = wrapper.application; includeInIndex = 0; path = Testomemex.app; sourceTree = BUILT_PRODUCTS_DIR; };
		B0CEFEA01B8CC34E009FD430 /* Info.plist */ = {isa = PBXFileReference; lastKnownFileType = text.plist.xml; path = Info.plist; sourceTree = "<group>"; };
		B0CEFEA11B8CC34E009FD430 /* AppDelegate.swift */ = {isa = PBXFileReference; lastKnownFileType = sourcecode.swift; path = AppDelegate.swift; sourceTree = "<group>"; };
		B0CEFEA31B8CC34E009FD430 /* MasterViewController.swift */ = {isa = PBXFileReference; lastKnownFileType = sourcecode.swift; path = MasterViewController.swift; sourceTree = "<group>"; };
		B0CEFEA51B8CC34E009FD430 /* DetailViewController.swift */ = {isa = PBXFileReference; lastKnownFileType = sourcecode.swift; path = DetailViewController.swift; sourceTree = "<group>"; };
		B0CEFEA81B8CC34E009FD430 /* Base */ = {isa = PBXFileReference; lastKnownFileType = file.storyboard; name = Base; path = Base.lproj/Main.storyboard; sourceTree = "<group>"; };
		B0CEFEAA1B8CC34E009FD430 /* Images.xcassets */ = {isa = PBXFileReference; lastKnownFileType = folder.assetcatalog; path = Images.xcassets; sourceTree = "<group>"; };
		B0CEFEAD1B8CC34E009FD430 /* Base */ = {isa = PBXFileReference; lastKnownFileType = file.xib; name = Base; path = Base.lproj/LaunchScreen.xib; sourceTree = "<group>"; };
		B0CEFEB31B8CC34E009FD430 /* TestomemexTests.xctest */ = {isa = PBXFileReference; explicitFileType = wrapper.cfbundle; includeInIndex = 0; path = TestomemexTests.xctest; sourceTree = BUILT_PRODUCTS_DIR; };
		B0CEFEB81B8CC34E009FD430 /* Info.plist */ = {isa = PBXFileReference; lastKnownFileType = text.plist.xml; path = Info.plist; sourceTree = "<group>"; };
		B0CEFEB91B8CC34E009FD430 /* TestomemexTests.swift */ = {isa = PBXFileReference; lastKnownFileType = sourcecode.swift; path = TestomemexTests.swift; sourceTree = "<group>"; };
		B0CEFEC31B8CC393009FD430 /* Person.swift */ = {isa = PBXFileReference; fileEncoding = 4; lastKnownFileType = sourcecode.swift; path = Person.swift; sourceTree = "<group>"; };
		B0CEFEC51B8CC53B009FD430 /* ApiInterface.swift */ = {isa = PBXFileReference; fileEncoding = 4; lastKnownFileType = sourcecode.swift; path = ApiInterface.swift; sourceTree = "<group>"; };
/* End PBXFileReference section */

/* Begin PBXFrameworksBuildPhase section */
		B0CEFE991B8CC34E009FD430 /* Frameworks */ = {
			isa = PBXFrameworksBuildPhase;
			buildActionMask = 2147483647;
			files = (
			);
			runOnlyForDeploymentPostprocessing = 0;
		};
		B0CEFEB01B8CC34E009FD430 /* Frameworks */ = {
			isa = PBXFrameworksBuildPhase;
			buildActionMask = 2147483647;
			files = (
			);
			runOnlyForDeploymentPostprocessing = 0;
		};
/* End PBXFrameworksBuildPhase section */

/* Begin PBXGroup section */
		B0CEFE931B8CC34E009FD430 = {
			isa = PBXGroup;
			children = (
				B0CEFE9E1B8CC34E009FD430 /* Testomemex */,
				B0CEFEB61B8CC34E009FD430 /* TestomemexTests */,
				B0CEFE9D1B8CC34E009FD430 /* Products */,
			);
			sourceTree = "<group>";
		};
		B0CEFE9D1B8CC34E009FD430 /* Products */ = {
			isa = PBXGroup;
			children = (
				B0CEFE9C1B8CC34E009FD430 /* Testomemex.app */,
				B0CEFEB31B8CC34E009FD430 /* TestomemexTests.xctest */,
			);
			name = Products;
			sourceTree = "<group>";
		};
		B0CEFE9E1B8CC34E009FD430 /* Testomemex */ = {
			isa = PBXGroup;
			children = (
				B0CEFEA11B8CC34E009FD430 /* AppDelegate.swift */,
				B0CEFEA31B8CC34E009FD430 /* MasterViewController.swift */,
				B0CEFEA51B8CC34E009FD430 /* DetailViewController.swift */,
				B0CEFEA71B8CC34E009FD430 /* Main.storyboard */,
				B0CEFEAA1B8CC34E009FD430 /* Images.xcassets */,
				B0CEFEAC1B8CC34E009FD430 /* LaunchScreen.xib */,
				B0CEFE9F1B8CC34E009FD430 /* Supporting Files */,
				B0CEFEC31B8CC393009FD430 /* Person.swift */,
				B0CEFEC51B8CC53B009FD430 /* ApiInterface.swift */,
				B0C186721B90B836008E879F /* Thread.swift */,
			);
			path = Testomemex;
			sourceTree = "<group>";
		};
		B0CEFE9F1B8CC34E009FD430 /* Supporting Files */ = {
			isa = PBXGroup;
			children = (
				B0CEFEA01B8CC34E009FD430 /* Info.plist */,
			);
			name = "Supporting Files";
			sourceTree = "<group>";
		};
		B0CEFEB61B8CC34E009FD430 /* TestomemexTests */ = {
			isa = PBXGroup;
			children = (
				B0CEFEB91B8CC34E009FD430 /* TestomemexTests.swift */,
				B0CEFEB71B8CC34E009FD430 /* Supporting Files */,
			);
			path = TestomemexTests;
			sourceTree = "<group>";
		};
		B0CEFEB71B8CC34E009FD430 /* Supporting Files */ = {
			isa = PBXGroup;
			children = (
				B0CEFEB81B8CC34E009FD430 /* Info.plist */,
			);
			name = "Supporting Files";
			sourceTree = "<group>";
		};
/* End PBXGroup section */

/* Begin PBXNativeTarget section */
		B0CEFE9B1B8CC34E009FD430 /* Testomemex */ = {
			isa = PBXNativeTarget;
			buildConfigurationList = B0CEFEBD1B8CC34E009FD430 /* Build configuration list for PBXNativeTarget "Testomemex" */;
			buildPhases = (
				B0CEFE981B8CC34E009FD430 /* Sources */,
				B0CEFE991B8CC34E009FD430 /* Frameworks */,
				B0CEFE9A1B8CC34E009FD430 /* Resources */,
			);
			buildRules = (
			);
			dependencies = (
			);
			name = Testomemex;
			productName = Testomemex;
			productReference = B0CEFE9C1B8CC34E009FD430 /* Testomemex.app */;
			productType = "com.apple.product-type.application";
		};
		B0CEFEB21B8CC34E009FD430 /* TestomemexTests */ = {
			isa = PBXNativeTarget;
			buildConfigurationList = B0CEFEC01B8CC34E009FD430 /* Build configuration list for PBXNativeTarget "TestomemexTests" */;
			buildPhases = (
				B0CEFEAF1B8CC34E009FD430 /* Sources */,
				B0CEFEB01B8CC34E009FD430 /* Frameworks */,
				B0CEFEB11B8CC34E009FD430 /* Resources */,
			);
			buildRules = (
			);
			dependencies = (
				B0CEFEB51B8CC34E009FD430 /* PBXTargetDependency */,
			);
			name = TestomemexTests;
			productName = TestomemexTests;
			productReference = B0CEFEB31B8CC34E009FD430 /* TestomemexTests.xctest */;
			productType = "com.apple.product-type.bundle.unit-test";
		};
/* End PBXNativeTarget section */

/* Begin PBXProject section */
		B0CEFE941B8CC34E009FD430 /* Project object */ = {
			isa = PBXProject;
			attributes = {
				LastUpgradeCheck = 0640;
				ORGANIZATIONNAME = "Mason F. Matthews";
				TargetAttributes = {
					B0CEFE9B1B8CC34E009FD430 = {
						CreatedOnToolsVersion = 6.4;
					};
					B0CEFEB21B8CC34E009FD430 = {
						CreatedOnToolsVersion = 6.4;
						TestTargetID = B0CEFE9B1B8CC34E009FD430;
					};
				};
			};
			buildConfigurationList = B0CEFE971B8CC34E009FD430 /* Build configuration list for PBXProject "Testomemex" */;
			compatibilityVersion = "Xcode 3.2";
			developmentRegion = English;
			hasScannedForEncodings = 0;
			knownRegions = (
				en,
				Base,
			);
			mainGroup = B0CEFE931B8CC34E009FD430;
			productRefGroup = B0CEFE9D1B8CC34E009FD430 /* Products */;
			projectDirPath = "";
			projectRoot = "";
			targets = (
				B0CEFE9B1B8CC34E009FD430 /* Testomemex */,
				B0CEFEB21B8CC34E009FD430 /* TestomemexTests */,
			);
		};
/* End PBXProject section */

/* Begin PBXResourcesBuildPhase section */
		B0CEFE9A1B8CC34E009FD430 /* Resources */ = {
			isa = PBXResourcesBuildPhase;
			buildActionMask = 2147483647;
			files = (
				B0CEFEA91B8CC34E009FD430 /* Main.storyboard in Resources */,
				B0CEFEAE1B8CC34E009FD430 /* LaunchScreen.xib in Resources */,
				B0CEFEAB1B8CC34E009FD430 /* Images.xcassets in Resources */,
			);
			runOnlyForDeploymentPostprocessing = 0;
		};
		B0CEFEB11B8CC34E009FD430 /* Resources */ = {
			isa = PBXResourcesBuildPhase;
			buildActionMask = 2147483647;
			files = (
			);
			runOnlyForDeploymentPostprocessing = 0;
		};
/* End PBXResourcesBuildPhase section */

/* Begin PBXSourcesBuildPhase section */
		B0CEFE981B8CC34E009FD430 /* Sources */ = {
			isa = PBXSourcesBuildPhase;
			buildActionMask = 2147483647;
			files = (
				B0CEFEA61B8CC34E009FD430 /* DetailViewController.swift in Sources */,
				B0C186731B90B836008E879F /* Thread.swift in Sources */,
				B0CEFEA41B8CC34E009FD430 /* MasterViewController.swift in Sources */,
				B0CEFEC41B8CC393009FD430 /* Person.swift in Sources */,
				B0CEFEA21B8CC34E009FD430 /* AppDelegate.swift in Sources */,
				B0CEFEC61B8CC53B009FD430 /* ApiInterface.swift in Sources */,
			);
			runOnlyForDeploymentPostprocessing = 0;
		};
		B0CEFEAF1B8CC34E009FD430 /* Sources */ = {
			isa = PBXSourcesBuildPhase;
			buildActionMask = 2147483647;
			files = (
				B0CEFEBA1B8CC34E009FD430 /* TestomemexTests.swift in Sources */,
			);
			runOnlyForDeploymentPostprocessing = 0;
		};
/* End PBXSourcesBuildPhase section */

/* Begin PBXTargetDependency section */
		B0CEFEB51B8CC34E009FD430 /* PBXTargetDependency */ = {
			isa = PBXTargetDependency;
			target = B0CEFE9B1B8CC34E009FD430 /* Testomemex */;
			targetProxy = B0CEFEB41B8CC34E009FD430 /* PBXContainerItemProxy */;
		};
/* End PBXTargetDependency section */

/* Begin PBXVariantGroup section */
		B0CEFEA71B8CC34E009FD430 /* Main.storyboard */ = {
			isa = PBXVariantGroup;
			children = (
				B0CEFEA81B8CC34E009FD430 /* Base */,
			);
			name = Main.storyboard;
			sourceTree = "<group>";
		};
		B0CEFEAC1B8CC34E009FD430 /* LaunchScreen.xib */ = {
			isa = PBXVariantGroup;
			children = (
				B0CEFEAD1B8CC34E009FD430 /* Base */,
			);
			name = LaunchScreen.xib;
			sourceTree = "<group>";
		};
/* End PBXVariantGroup section */

/* Begin XCBuildConfiguration section */
		B0CEFEBB1B8CC34E009FD430 /* Debug */ = {
			isa = XCBuildConfiguration;
			buildSettings = {
				ALWAYS_SEARCH_USER_PATHS = NO;
				CLANG_CXX_LANGUAGE_STANDARD = "gnu++0x";
				CLANG_CXX_LIBRARY = "libc++";
				CLANG_ENABLE_MODULES = YES;
				CLANG_ENABLE_OBJC_ARC = YES;
				CLANG_WARN_BOOL_CONVERSION = YES;
				CLANG_WARN_CONSTANT_CONVERSION = YES;
				CLANG_WARN_DIRECT_OBJC_ISA_USAGE = YES_ERROR;
				CLANG_WARN_EMPTY_BODY = YES;
				CLANG_WARN_ENUM_CONVERSION = YES;
				CLANG_WARN_INT_CONVERSION = YES;
				CLANG_WARN_OBJC_ROOT_CLASS = YES_ERROR;
				CLANG_WARN_UNREACHABLE_CODE = YES;
				CLANG_WARN__DUPLICATE_METHOD_MATCH = YES;
				"CODE_SIGN_IDENTITY[sdk=iphoneos*]" = "iPhone Developer";
				COPY_PHASE_STRIP = NO;
				DEBUG_INFORMATION_FORMAT = "dwarf-with-dsym";
				ENABLE_STRICT_OBJC_MSGSEND = YES;
				GCC_C_LANGUAGE_STANDARD = gnu99;
				GCC_DYNAMIC_NO_PIC = NO;
				GCC_NO_COMMON_BLOCKS = YES;
				GCC_OPTIMIZATION_LEVEL = 0;
				GCC_PREPROCESSOR_DEFINITIONS = (
					"DEBUG=1",
					"$(inherited)",
				);
				GCC_SYMBOLS_PRIVATE_EXTERN = NO;
				GCC_WARN_64_TO_32_BIT_CONVERSION = YES;
				GCC_WARN_ABOUT_RETURN_TYPE = YES_ERROR;
				GCC_WARN_UNDECLARED_SELECTOR = YES;
				GCC_WARN_UNINITIALIZED_AUTOS = YES_AGGRESSIVE;
				GCC_WARN_UNUSED_FUNCTION = YES;
				GCC_WARN_UNUSED_VARIABLE = YES;
				IPHONEOS_DEPLOYMENT_TARGET = 8.4;
				MTL_ENABLE_DEBUG_INFO = YES;
				ONLY_ACTIVE_ARCH = YES;
				SDKROOT = iphoneos;
				SWIFT_OPTIMIZATION_LEVEL = "-Onone";
				TARGETED_DEVICE_FAMILY = "1,2";
			};
			name = Debug;
		};
		B0CEFEBC1B8CC34E009FD430 /* Release */ = {
			isa = XCBuildConfiguration;
			buildSettings = {
				ALWAYS_SEARCH_USER_PATHS = NO;
				CLANG_CXX_LANGUAGE_STANDARD = "gnu++0x";
				CLANG_CXX_LIBRARY = "libc++";
				CLANG_ENABLE_MODULES = YES;
				CLANG_ENABLE_OBJC_ARC = YES;
				CLANG_WARN_BOOL_CONVERSION = YES;
				CLANG_WARN_CONSTANT_CONVERSION = YES;
				CLANG_WARN_DIRECT_OBJC_ISA_USAGE = YES_ERROR;
				CLANG_WARN_EMPTY_BODY = YES;
				CLANG_WARN_ENUM_CONVERSION = YES;
				CLANG_WARN_INT_CONVERSION = YES;
				CLANG_WARN_OBJC_ROOT_CLASS = YES_ERROR;
				CLANG_WARN_UNREACHABLE_CODE = YES;
				CLANG_WARN__DUPLICATE_METHOD_MATCH = YES;
				"CODE_SIGN_IDENTITY[sdk=iphoneos*]" = "iPhone Developer";
				COPY_PHASE_STRIP = NO;
				DEBUG_INFORMATION_FORMAT = "dwarf-with-dsym";
				ENABLE_NS_ASSERTIONS = NO;
				ENABLE_STRICT_OBJC_MSGSEND = YES;
				GCC_C_LANGUAGE_STANDARD = gnu99;
				GCC_NO_COMMON_BLOCKS = YES;
				GCC_WARN_64_TO_32_BIT_CONVERSION = YES;
				GCC_WARN_ABOUT_RETURN_TYPE = YES_ERROR;
				GCC_WARN_UNDECLARED_SELECTOR = YES;
				GCC_WARN_UNINITIALIZED_AUTOS = YES_AGGRESSIVE;
				GCC_WARN_UNUSED_FUNCTION = YES;
				GCC_WARN_UNUSED_VARIABLE = YES;
				IPHONEOS_DEPLOYMENT_TARGET = 8.4;
				MTL_ENABLE_DEBUG_INFO = NO;
				SDKROOT = iphoneos;
				TARGETED_DEVICE_FAMILY = "1,2";
				VALIDATE_PRODUCT = YES;
			};
			name = Release;
		};
		B0CEFEBE1B8CC34E009FD430 /* Debug */ = {
			isa = XCBuildConfiguration;
			buildSettings = {
				ASSETCATALOG_COMPILER_APPICON_NAME = AppIcon;
				INFOPLIST_FILE = Testomemex/Info.plist;
				LD_RUNPATH_SEARCH_PATHS = "$(inherited) @executable_path/Frameworks";
				PRODUCT_NAME = "$(TARGET_NAME)";
			};
			name = Debug;
		};
		B0CEFEBF1B8CC34E009FD430 /* Release */ = {
			isa = XCBuildConfiguration;
			buildSettings = {
				ASSETCATALOG_COMPILER_APPICON_NAME = AppIcon;
				INFOPLIST_FILE = Testomemex/Info.plist;
				LD_RUNPATH_SEARCH_PATHS = "$(inherited) @executable_path/Frameworks";
				PRODUCT_NAME = "$(TARGET_NAME)";
			};
			name = Release;
		};
		B0CEFEC11B8CC34E009FD430 /* Debug */ = {
			isa = XCBuildConfiguration;
			buildSettings = {
				BUNDLE_LOADER = "$(TEST_HOST)";
				FRAMEWORK_SEARCH_PATHS = (
					"$(SDKROOT)/Developer/Library/Frameworks",
					"$(inherited)",
				);
				GCC_PREPROCESSOR_DEFINITIONS = (
					"DEBUG=1",
					"$(inherited)",
				);
				INFOPLIST_FILE = TestomemexTests/Info.plist;
				LD_RUNPATH_SEARCH_PATHS = "$(inherited) @executable_path/Frameworks @loader_path/Frameworks";
				PRODUCT_NAME = "$(TARGET_NAME)";
				TEST_HOST = "$(BUILT_PRODUCTS_DIR)/Testomemex.app/Testomemex";
			};
			name = Debug;
		};
		B0CEFEC21B8CC34E009FD430 /* Release */ = {
			isa = XCBuildConfiguration;
			buildSettings = {
				BUNDLE_LOADER = "$(TEST_HOST)";
				FRAMEWORK_SEARCH_PATHS = (
					"$(SDKROOT)/Developer/Library/Frameworks",
					"$(inherited)",
				);
				INFOPLIST_FILE = TestomemexTests/Info.plist;
				LD_RUNPATH_SEARCH_PATHS = "$(inherited) @executable_path/Frameworks @loader_path/Frameworks";
				PRODUCT_NAME = "$(TARGET_NAME)";
				TEST_HOST = "$(BUILT_PRODUCTS_DIR)/Testomemex.app/Testomemex";
			};
			name = Release;
		};
/* End XCBuildConfiguration section */

/* Begin XCConfigurationList section */
		B0CEFE971B8CC34E009FD430 /* Build configuration list for PBXProject "Testomemex" */ = {
			isa = XCConfigurationList;
			buildConfigurations = (
				B0CEFEBB1B8CC34E009FD430 /* Debug */,
				B0CEFEBC1B8CC34E009FD430 /* Release */,
			);
			defaultConfigurationIsVisible = 0;
			defaultConfigurationName = Release;
		};
		B0CEFEBD1B8CC34E009FD430 /* Build configuration list for PBXNativeTarget "Testomemex" */ = {
			isa = XCConfigurationList;
			buildConfigurations = (
				B0CEFEBE1B8CC34E009FD430 /* Debug */,
				B0CEFEBF1B8CC34E009FD430 /* Release */,
			);
			defaultConfigurationIsVisible = 0;
			defaultConfigurationName = Release;
		};
		B0CEFEC01B8CC34E009FD430 /* Build configuration list for PBXNativeTarget "TestomemexTests" */ = {
			isa = XCConfigurationList;
			buildConfigurations = (
				B0CEFEC11B8CC34E009FD430 /* Debug */,
				B0CEFEC21B8CC34E009FD430 /* Release */,
			);
			defaultConfigurationIsVisible = 0;
			defaultConfigurationName = Release;
		};
/* End XCConfigurationList section */
	};
	rootObject = B0CEFE941B8CC34E009FD430 /* Project object */;
}
